<?xml version="1.0" encoding="utf-8"?>
<Project ToolsVersion="4.0" xmlns="http://schemas.microsoft.com/developer/msbuild/2003">
  <ItemGroup>
    <Filter Include="Source Files">
      <UniqueIdentifier>{4FC737F1-C7A5-4376-A066-2A32D752A2FF}</UniqueIdentifier>
      <Extensions>cpp;c;cc;cxx;c++;cppm;ixx;def;odl;idl;hpj;bat;asm;asmx</Extensions>
    </Filter>
    <Filter Include="Header Files">
      <UniqueIdentifier>{93995380-89BD-4b04-88EB-625FBE52EBFB}</UniqueIdentifier>
      <Extensions>h;hh;hpp;hxx;h++;hm;inl;inc;ipp;xsd</Extensions>
    </Filter>
    <Filter Include="Resource Files">
      <UniqueIdentifier>{67DA6AB6-F800-4c08-8B7A-83BB121AAD01}</UniqueIdentifier>
      <Extensions>rc;ico;cur;bmp;dlg;rc2;rct;bin;rgs;gif;jpg;jpeg;jpe;resx;tiff;tif;png;wav;mfcribbon-ms</Extensions>
    </Filter>
    <Filter Include="Header Files\Core">
      <UniqueIdentifier>{1869fe75-8995-47cd-99a1-7ef6d076aed2}</UniqueIdentifier>
    </Filter>
    <Filter Include="Header Files\Lib">
      <UniqueIdentifier>{c101afa3-d7f6-46e1-b2a1-9062b5c941fc}</UniqueIdentifier>
    </Filter>
    <Filter Include="Header Files\Screens">
      <UniqueIdentifier>{7c053b9b-7b0a-4b90-b436-3a738908af0e}</UniqueIdentifier>
    </Filter>
    <Filter Include="Header Files\Screens\Clint">
      <UniqueIdentifier>{abfefd11-b2a9-4765-920d-3d855e4590b1}</UniqueIdentifier>
    </Filter>
    <Filter Include="Header Files\Screens\Currencies">
      <UniqueIdentifier>{6eff9e79-dd23-480c-a3a3-cf38a0976904}</UniqueIdentifier>
    </Filter>
    <Filter Include="Header Files\Screens\User">
      <UniqueIdentifier>{8a152894-6339-4f14-bbd3-6db7913ac1c9}</UniqueIdentifier>
    </Filter>
  </ItemGroup>
  <ItemGroup>
    <ClCompile Include="Bank_System.cpp">
      <Filter>Source Files</Filter>
    </ClCompile>
  </ItemGroup>
  <ItemGroup>
    <ClInclude Include="clsMainScreen.h">
      <Filter>Header Files</Filter>
    </ClInclude>
    <ClInclude Include="clsScreen.h">
      <Filter>Header Files</Filter>
    </ClInclude>
    <ClInclude Include="Global.h">
      <Filter>Header Files</Filter>
    </ClInclude>
    <ClInclude Include="resource.h">
      <Filter>Header Files</Filter>
    </ClInclude>
    <ClInclude Include="clsBankClint.h">
      <Filter>Header Files\Core</Filter>
    </ClInclude>
    <ClInclude Include="clsCurrency.h">
      <Filter>Header Files\Core</Filter>
    </ClInclude>
    <ClInclude Include="clsPerson.h">
      <Filter>Header Files\Core</Filter>
    </ClInclude>
    <ClInclude Include="clsUser.h">
      <Filter>Header Files\Core</Filter>
    </ClInclude>
    <ClInclude Include="clsDate.h">
      <Filter>Header Files\Lib</Filter>
    </ClInclude>
    <ClInclude Include="clsInputValidate.h">
      <Filter>Header Files\Lib</Filter>
    </ClInclude>
    <ClInclude Include="clsString.h">
      <Filter>Header Files\Lib</Filter>
    </ClInclude>
    <ClInclude Include="clsUtil.h">
      <Filter>Header Files\Lib</Filter>
    </ClInclude>
    <ClInclude Include="clsAddNewClintScreen.h">
      <Filter>Header Files\Screens\Clint</Filter>
    </ClInclude>
    <ClInclude Include="clsClintListSccreen.h">
      <Filter>Header Files\Screens\Clint</Filter>
    </ClInclude>
    <ClInclude Include="clsDeleteClintScreen.h">
      <Filter>Header Files\Screens\Clint</Filter>
    </ClInclude>
    <ClInclude Include="clsFindClintSctreen.h">
      <Filter>Header Files\Screens\Clint</Filter>
    </ClInclude>
    <ClInclude Include="clsUpdateClintScreen.h">
      <Filter>Header Files\Screens\Clint</Filter>
    </ClInclude>
    <ClInclude Include="clsDepositScreen.h">
      <Filter>Header Files\Screens\Clint</Filter>
    </ClInclude>
    <ClInclude Include="clsTotalBalancesScreen.h">
      <Filter>Header Files\Screens\Clint</Filter>
    </ClInclude>
    <ClInclude Include="clsTransactionsMenue.h">
      <Filter>Header Files\Screens\Clint</Filter>
    </ClInclude>
    <ClInclude Include="clsTransferLogScreen.h">
      <Filter>Header Files\Screens\Clint</Filter>
    </ClInclude>
    <ClInclude Include="clsWithdrawScreen.h">
      <Filter>Header Files\Screens\Clint</Filter>
    </ClInclude>
    <ClInclude Include="clsTransfarScreen.h">
      <Filter>Header Files\Screens\Clint</Filter>
    </ClInclude>
    <ClInclude Include="clsCurrencyCalculitorScreen.h">
      <Filter>Header Files\Screens\Currencies</Filter>
    </ClInclude>
    <ClInclude Include="clsCurrencyExchangemainScreen.h">
      <Filter>Header Files\Screens\Currencies</Filter>
    </ClInclude>
    <ClInclude Include="clsListCurrenciesScreen.h">
      <Filter>Header Files\Screens\Currencies</Filter>
    </ClInclude>
    <ClInclude Include="clsUpdateCurrencyScreen.h">
      <Filter>Header Files\Screens\Currencies</Filter>
    </ClInclude>
    <ClInclude Include="clsFindCurrencyScreen.h">
      <Filter>Header Files\Screens\Currencies</Filter>
    </ClInclude>
    <ClInclude Include="clsAddNewUserScreen.h">
      <Filter>Header Files\Screens\User</Filter>
    </ClInclude>
    <ClInclude Include="clsDeleteUserScreen.h">
      <Filter>Header Files\Screens\User</Filter>
    </ClInclude>
    <ClInclude Include="clsFindUserSctreen.h">
      <Filter>Header Files\Screens\User</Filter>
    </ClInclude>
    <ClInclude Include="clsUpdateUserScreen.h">
      <Filter>Header Files\Screens\User</Filter>
    </ClInclude>
    <ClInclude Include="clsUsersListScreen.h">
      <Filter>Header Files\Screens\User</Filter>
    </ClInclude>
    <ClInclude Include="clsManageUsersScreen.h">
      <Filter>Header Files\Screens\User</Filter>
    </ClInclude>
    <ClInclude Include="clsLoginRegistersScreen.h">
      <Filter>Header Files\Screens\User</Filter>
    </ClInclude>
    <ClInclude Include="clsLoginScreen.h">
      <Filter>Header Files\Screens\User</Filter>
    </ClInclude>
  </ItemGroup>
  <ItemGroup>
    <ResourceCompile Include="Bank_System.rc">
      <Filter>Resource Files</Filter>
    </ResourceCompile>
  </ItemGroup>
</Project>